
Microsoft Visual Studio Solution File, Format Version 12.00
# Visual Studio 15
VisualStudioVersion = 15.0.26430.16
MinimumVisualStudioVersion = 10.0.40219.1
Project("{FAE04EC0-301F-11D3-BF4B-00C04F79EFBC}") = "Core", "Core\Core.csproj", "{FF1ABF63-25AF-475A-8ACF-AEC22F8D06AE}"
EndProject
Project("{FAE04EC0-301F-11D3-BF4B-00C04F79EFBC}") = "Model", "Model\Model.csproj", "{EA67DBEE-3862-41A1-9B9E-6AA0B7E2DEA6}"
EndProject
Project("{FAE04EC0-301F-11D3-BF4B-00C04F79EFBC}") = "Tests", "Tests\Tests.csproj", "{09D43FD2-395C-4764-9ADC-200EDA3B4A1A}"
EndProject
Project("{FAE04EC0-301F-11D3-BF4B-00C04F79EFBC}") = "WPF", "WPF\WPF.csproj", "{F552A890-C736-4E24-8506-BBE24E26850A}"
EndProject
Project("{FAE04EC0-301F-11D3-BF4B-00C04F79EFBC}") = "Console", "Console\Console.csproj", "{B41CB574-F8AA-41C3-BBB9-4D7816950930}"
EndProject
Project("{FAE04EC0-301F-11D3-BF4B-00C04F79EFBC}") = "AddToDictionary", "AddToDictionary\AddToDictionary.csproj", "{75E2C321-DF90-4B48-A54E-BA44DFF69870}"
EndProject
Global
	GlobalSection(SolutionConfigurationPlatforms) = preSolution
		Debug|Any CPU = Debug|Any CPU
		Release|Any CPU = Release|Any CPU
	EndGlobalSection
	GlobalSection(ProjectConfigurationPlatforms) = postSolution
		{FF1ABF63-25AF-475A-8ACF-AEC22F8D06AE}.Debug|Any CPU.ActiveCfg = Debug|Any CPU
		{FF1ABF63-25AF-475A-8ACF-AEC22F8D06AE}.Debug|Any CPU.Build.0 = Debug|Any CPU
		{FF1ABF63-25AF-475A-8ACF-AEC22F8D06AE}.Release|Any CPU.ActiveCfg = Release|Any CPU
		{FF1ABF63-25AF-475A-8ACF-AEC22F8D06AE}.Release|Any CPU.Build.0 = Release|Any CPU
		{EA67DBEE-3862-41A1-9B9E-6AA0B7E2DEA6}.Debug|Any CPU.ActiveCfg = Debug|Any CPU
		{EA67DBEE-3862-41A1-9B9E-6AA0B7E2DEA6}.Debug|Any CPU.Build.0 = Debug|Any CPU
		{EA67DBEE-3862-41A1-9B9E-6AA0B7E2DEA6}.Release|Any CPU.ActiveCfg = Release|Any CPU
		{EA67DBEE-3862-41A1-9B9E-6AA0B7E2DEA6}.Release|Any CPU.Build.0 = Release|Any CPU
		{09D43FD2-395C-4764-9ADC-200EDA3B4A1A}.Debug|Any CPU.ActiveCfg = Debug|Any CPU
		{09D43FD2-395C-4764-9ADC-200EDA3B4A1A}.Debug|Any CPU.Build.0 = Debug|Any CPU
		{09D43FD2-395C-4764-9ADC-200EDA3B4A1A}.Release|Any CPU.ActiveCfg = Release|Any CPU
		{09D43FD2-395C-4764-9ADC-200EDA3B4A1A}.Release|Any CPU.Build.0 = Release|Any CPU
		{F552A890-C736-4E24-8506-BBE24E26850A}.Debug|Any CPU.ActiveCfg = Debug|Any CPU
		{F552A890-C736-4E24-8506-BBE24E26850A}.Debug|Any CPU.Build.0 = Debug|Any CPU
		{F552A890-C736-4E24-8506-BBE24E26850A}.Release|Any CPU.ActiveCfg = Release|Any CPU
		{F552A890-C736-4E24-8506-BBE24E26850A}.Release|Any CPU.Build.0 = Release|Any CPU
		{B41CB574-F8AA-41C3-BBB9-4D7816950930}.Debug|Any CPU.ActiveCfg = Debug|Any CPU
		{B41CB574-F8AA-41C3-BBB9-4D7816950930}.Debug|Any CPU.Build.0 = Debug|Any CPU
		{B41CB574-F8AA-41C3-BBB9-4D7816950930}.Release|Any CPU.ActiveCfg = Release|Any CPU
		{B41CB574-F8AA-41C3-BBB9-4D7816950930}.Release|Any CPU.Build.0 = Release|Any CPU
		{75E2C321-DF90-4B48-A54E-BA44DFF69870}.Debug|Any CPU.ActiveCfg = Debug|Any CPU
		{75E2C321-DF90-4B48-A54E-BA44DFF69870}.Debug|Any CPU.Build.0 = Debug|Any CPU
		{75E2C321-DF90-4B48-A54E-BA44DFF69870}.Release|Any CPU.ActiveCfg = Release|Any CPU
		{75E2C321-DF90-4B48-A54E-BA44DFF69870}.Release|Any CPU.Build.0 = Release|Any CPU
	EndGlobalSection
	GlobalSection(SolutionProperties) = preSolution
		HideSolutionNode = FALSE
	EndGlobalSection
EndGlobal
